
Microsoft Visual Studio Solution File, Format Version 12.00
# Visual Studio Version 17
VisualStudioVersion = 17.10.35122.118
MinimumVisualStudioVersion = 10.0.40219.1
Project("{FAE04EC0-301F-11D3-BF4B-00C04F79EFBC}") = "MitchellHunt", "MitchellHunt.csproj", "{0DEC58E3-42A0-4486-9220-355221587877}"
EndProject
Global
	GlobalSection(SolutionConfigurationPlatforms) = preSolution
		Debug|Any CPU = Debug|Any CPU
		Release|Any CPU = Release|Any CPU
	EndGlobalSection
	GlobalSection(ProjectConfigurationPlatforms) = postSolution
		{0DEC58E3-42A0-4486-9220-355221587877}.Debug|Any CPU.ActiveCfg = Debug|Any CPU
		{0DEC58E3-42A0-4486-9220-355221587877}.Debug|Any CPU.Build.0 = Debug|Any CPU
		{0DEC58E3-42A0-4486-9220-355221587877}.Release|Any CPU.ActiveCfg = Release|Any CPU
		{0DEC58E3-42A0-4486-9220-355221587877}.Release|Any CPU.Build.0 = Release|Any CPU
	EndGlobalSection
	GlobalSection(SolutionProperties) = preSolution
		HideSolutionNode = FALSE
	EndGlobalSection
	GlobalSection(ExtensibilityGlobals) = postSolution
		SolutionGuid = {EDCAB30A-C486-448A-92EE-BC8374DB6636}
	EndGlobalSection
EndGlobal
